
Microsoft Visual Studio Solution File, Format Version 12.00
# Visual Studio 14
VisualStudioVersion = 14.0.25420.1
MinimumVisualStudioVersion = 10.0.40219.1
Project("{FAE04EC0-301F-11D3-BF4B-00C04F79EFBC}") = "SyncClient", "SyncClient\SyncClient.csproj", "{E048BA22-E33A-430D-93BA-ABBF60EB097C}"
EndProject
Project("{FAE04EC0-301F-11D3-BF4B-00C04F79EFBC}") = "AsyncClient", "AsyncClient\AsyncClient.csproj", "{57752C84-5034-4B6B-A3E7-949D3ADE7224}"
EndProject
Project("{FAE04EC0-301F-11D3-BF4B-00C04F79EFBC}") = "SyncServer", "SyncServer\SyncServer.csproj", "{E05682ED-888A-42D1-9157-3C4A14E77CC1}"
EndProject
Project("{FAE04EC0-301F-11D3-BF4B-00C04F79EFBC}") = "AsyncServer", "AsyncServer\AsyncServer.csproj", "{C63E4024-F0B6-402F-AA8C-5C5998066BB9}"
EndProject
Global
	GlobalSection(SolutionConfigurationPlatforms) = preSolution
		Debug|Any CPU = Debug|Any CPU
		Release|Any CPU = Release|Any CPU
	EndGlobalSection
	GlobalSection(ProjectConfigurationPlatforms) = postSolution
		{E048BA22-E33A-430D-93BA-ABBF60EB097C}.Debug|Any CPU.ActiveCfg = Debug|Any CPU
		{E048BA22-E33A-430D-93BA-ABBF60EB097C}.Debug|Any CPU.Build.0 = Debug|Any CPU
		{E048BA22-E33A-430D-93BA-ABBF60EB097C}.Release|Any CPU.ActiveCfg = Release|Any CPU
		{E048BA22-E33A-430D-93BA-ABBF60EB097C}.Release|Any CPU.Build.0 = Release|Any CPU
		{57752C84-5034-4B6B-A3E7-949D3ADE7224}.Debug|Any CPU.ActiveCfg = Debug|Any CPU
		{57752C84-5034-4B6B-A3E7-949D3ADE7224}.Debug|Any CPU.Build.0 = Debug|Any CPU
		{57752C84-5034-4B6B-A3E7-949D3ADE7224}.Release|Any CPU.ActiveCfg = Release|Any CPU
		{57752C84-5034-4B6B-A3E7-949D3ADE7224}.Release|Any CPU.Build.0 = Release|Any CPU
		{E05682ED-888A-42D1-9157-3C4A14E77CC1}.Debug|Any CPU.ActiveCfg = Debug|Any CPU
		{E05682ED-888A-42D1-9157-3C4A14E77CC1}.Debug|Any CPU.Build.0 = Debug|Any CPU
		{E05682ED-888A-42D1-9157-3C4A14E77CC1}.Release|Any CPU.ActiveCfg = Release|Any CPU
		{E05682ED-888A-42D1-9157-3C4A14E77CC1}.Release|Any CPU.Build.0 = Release|Any CPU
		{C63E4024-F0B6-402F-AA8C-5C5998066BB9}.Debug|Any CPU.ActiveCfg = Debug|Any CPU
		{C63E4024-F0B6-402F-AA8C-5C5998066BB9}.Debug|Any CPU.Build.0 = Debug|Any CPU
		{C63E4024-F0B6-402F-AA8C-5C5998066BB9}.Release|Any CPU.ActiveCfg = Release|Any CPU
		{C63E4024-F0B6-402F-AA8C-5C5998066BB9}.Release|Any CPU.Build.0 = Release|Any CPU
	EndGlobalSection
	GlobalSection(SolutionProperties) = preSolution
		HideSolutionNode = FALSE
	EndGlobalSection
EndGlobal
